
Microsoft Visual Studio Solution File, Format Version 12.00
# Visual Studio Version 16
VisualStudioVersion = 16.0.31702.278
MinimumVisualStudioVersion = 10.0.40219.1
Project("{FAE04EC0-301F-11D3-BF4B-00C04F79EFBC}") = "CursoCSharp_Cod3r", "CursoCSharp_Cod3r\CursoCSharp_Cod3r.csproj", "{462DFB13-C30E-4752-8EC8-17E26A8D4FFB}"
EndProject
Global
	GlobalSection(SolutionConfigurationPlatforms) = preSolution
		Debug|Any CPU = Debug|Any CPU
		Release|Any CPU = Release|Any CPU
	EndGlobalSection
	GlobalSection(ProjectConfigurationPlatforms) = postSolution
		{462DFB13-C30E-4752-8EC8-17E26A8D4FFB}.Debug|Any CPU.ActiveCfg = Debug|Any CPU
		{462DFB13-C30E-4752-8EC8-17E26A8D4FFB}.Debug|Any CPU.Build.0 = Debug|Any CPU
		{462DFB13-C30E-4752-8EC8-17E26A8D4FFB}.Release|Any CPU.ActiveCfg = Release|Any CPU
		{462DFB13-C30E-4752-8EC8-17E26A8D4FFB}.Release|Any CPU.Build.0 = Release|Any CPU
	EndGlobalSection
	GlobalSection(SolutionProperties) = preSolution
		HideSolutionNode = FALSE
	EndGlobalSection
	GlobalSection(ExtensibilityGlobals) = postSolution
		SolutionGuid = {9F944B4A-D710-4471-956D-BE58D0729F52}
	EndGlobalSection
EndGlobal
